
Microsoft Visual Studio Solution File, Format Version 12.00
# Visual Studio Version 17
VisualStudioVersion = 17.8.34408.163
MinimumVisualStudioVersion = 10.0.40219.1
Project("{2150E333-8FDC-42A3-9474-1A3956D46DE8}") = "FrontEnd", "FrontEnd", "{6339E57B-794E-4090-8B0A-89409064F192}"
EndProject
Project("{2150E333-8FDC-42A3-9474-1A3956D46DE8}") = "Services", "Services", "{DB9C3F66-53FF-4980-96D3-A6B35F1EB9A7}"
EndProject
Project("{9A19103F-16F7-4668-BE54-9A1E7A4F7556}") = "GeekShopping.ProductAPI", "GeekShopping.ProductAPI\GeekShopping.ProductAPI.csproj", "{C40E72EA-7EBB-43A3-8DC5-A511E499F62A}"
EndProject
Project("{9A19103F-16F7-4668-BE54-9A1E7A4F7556}") = "GeekShopping.Web", "GeekShopping.Web\GeekShopping.Web\GeekShopping.Web.csproj", "{8E60B843-89F3-4BFE-BC42-C863717DE563}"
EndProject
Global
	GlobalSection(SolutionConfigurationPlatforms) = preSolution
		Debug|Any CPU = Debug|Any CPU
		Release|Any CPU = Release|Any CPU
	EndGlobalSection
	GlobalSection(ProjectConfigurationPlatforms) = postSolution
		{C40E72EA-7EBB-43A3-8DC5-A511E499F62A}.Debug|Any CPU.ActiveCfg = Debug|Any CPU
		{C40E72EA-7EBB-43A3-8DC5-A511E499F62A}.Debug|Any CPU.Build.0 = Debug|Any CPU
		{C40E72EA-7EBB-43A3-8DC5-A511E499F62A}.Release|Any CPU.ActiveCfg = Release|Any CPU
		{C40E72EA-7EBB-43A3-8DC5-A511E499F62A}.Release|Any CPU.Build.0 = Release|Any CPU
		{8E60B843-89F3-4BFE-BC42-C863717DE563}.Debug|Any CPU.ActiveCfg = Debug|Any CPU
		{8E60B843-89F3-4BFE-BC42-C863717DE563}.Debug|Any CPU.Build.0 = Debug|Any CPU
		{8E60B843-89F3-4BFE-BC42-C863717DE563}.Release|Any CPU.ActiveCfg = Release|Any CPU
		{8E60B843-89F3-4BFE-BC42-C863717DE563}.Release|Any CPU.Build.0 = Release|Any CPU
	EndGlobalSection
	GlobalSection(SolutionProperties) = preSolution
		HideSolutionNode = FALSE
	EndGlobalSection
	GlobalSection(NestedProjects) = preSolution
		{C40E72EA-7EBB-43A3-8DC5-A511E499F62A} = {DB9C3F66-53FF-4980-96D3-A6B35F1EB9A7}
		{8E60B843-89F3-4BFE-BC42-C863717DE563} = {6339E57B-794E-4090-8B0A-89409064F192}
	EndGlobalSection
	GlobalSection(ExtensibilityGlobals) = postSolution
		SolutionGuid = {D18ADC8F-78B7-49BD-BCFB-EACEAE02DF58}
	EndGlobalSection
EndGlobal
